// !$*UTF8*$!
{
	archiveVersion = 1;
	classes = {
	};
	objectVersion = 77;
	objects = {

/* Begin PBXBuildFile section */
		A10000000000000000000001 /* LinkGuardV03FieldUI in Frameworks */ = {isa = PBXBuildFile; productRef = A10000000000000000000002 /* LinkGuardV03FieldUI */; };
/* End PBXBuildFile section */

/* Begin PBXFileReference section */
		A10000000000000000000003 /* LinkGuard-iPhone.app */ = {isa = PBXFileReference; explicitFileType = wrapper.application; includeInIndex = 0; path = "LinkGuard-iPhone.app"; sourceTree = BUILT_PRODUCTS_DIR; };
/* End PBXFileReference section */

/* Begin PBXFileSystemSynchronizedRootGroup section */
		A10000000000000000000004 /* LinkGuard-iPhone */ = {
			isa = PBXFileSystemSynchronizedRootGroup;
			path = "LinkGuard-iPhone";
			sourceTree = "<group>";
		};
/* End PBXFileSystemSynchronizedRootGroup section */

/* Begin PBXFrameworksBuildPhase section */
		A10000000000000000000005 /* Frameworks */ = {
			isa = PBXFrameworksBuildPhase;
			buildActionMask = 2147483647;
			files = (
				A10000000000000000000001 /* LinkGuardV03FieldUI in Frameworks */,
			);
			runOnlyForDeploymentPostprocessing = 0;
		};
/* End PBXFrameworksBuildPhase section */

/* Begin PBXGroup section */
		A10000000000000000000006 = {
			isa = PBXGroup;
			children = (
				A10000000000000000000004 /* LinkGuard-iPhone */,
				A10000000000000000000007 /* Products */,
			);
			sourceTree = "<group>";
		};
		A10000000000000000000007 /* Products */ = {
			isa = PBXGroup;
			children = (
				A10000000000000000000003 /* LinkGuard-iPhone.app */,
			);
			name = Products;
			sourceTree = "<group>";
		};
/* End PBXGroup section */

/* Begin PBXNativeTarget section */
		A10000000000000000000008 /* LinkGuard-iPhone */ = {
			isa = PBXNativeTarget;
			buildConfigurationList = A10000000000000000000009 /* Build configuration list for PBXNativeTarget "LinkGuard-iPhone" */;
			buildPhases = (
				A1000000000000000000000A /* Sources */,
				A10000000000000000000005 /* Frameworks */,
				A1000000000000000000000B /* Resources */,
			);
			buildRules = (
			);
			dependencies = (
			);
			fileSystemSynchronizedGroups = (
				A10000000000000000000004 /* LinkGuard-iPhone */,
			);
			name = "LinkGuard-iPhone";
			packageProductDependencies = (
				A10000000000000000000002 /* LinkGuardV03FieldUI */,
			);
			productName = "LinkGuard-iPhone";
			productReference = A10000000000000000000003 /* LinkGuard-iPhone.app */;
			productType = "com.apple.product-type.application";
		};
/* End PBXNativeTarget section */

/* Begin PBXProject section */
		A1000000000000000000000C /* Project object */ = {
			isa = PBXProject;
			attributes = {
				BuildIndependentTargetsInParallel = 1;
				LastSwiftUpdateCheck = 1640;
				LastUpgradeCheck = 1640;
				TargetAttributes = {
					A10000000000000000000008 = {
						CreatedOnToolsVersion = 16.4;
					};
				};
			};
			buildConfigurationList = A1000000000000000000000D /* Build configuration list for PBXProject "LinkGuard-iPhone" */;
			developmentRegion = en;
			hasScannedForEncodings = 0;
			knownRegions = (
				en,
				"zh-Hant",
				Base,
			);
			mainGroup = A10000000000000000000006;
			minimizedProjectReferenceProxies = 1;
			packageReferences = (
				A1000000000000000000000E /* XCLocalSwiftPackageReference "../../../shared/LinkGuardV03Core" */,
			);
			preferredProjectObjectVersion = 77;
			productRefGroup = A10000000000000000000007 /* Products */;
			projectDirPath = "";
			projectRoot = "";
			targets = (
				A10000000000000000000008 /* LinkGuard-iPhone */,
			);
		};
/* End PBXProject section */

/* Begin PBXResourcesBuildPhase section */
		A1000000000000000000000B /* Resources */ = {
			isa = PBXResourcesBuildPhase;
			buildActionMask = 2147483647;
			files = (
			);
			runOnlyForDeploymentPostprocessing = 0;
		};
/* End PBXResourcesBuildPhase section */

/* Begin PBXSourcesBuildPhase section */
		A1000000000000000000000A /* Sources */ = {
			isa = PBXSourcesBuildPhase;
			buildActionMask = 2147483647;
			files = (
			);
			runOnlyForDeploymentPostprocessing = 0;
		};
/* End PBXSourcesBuildPhase section */

/* Begin XCBuildConfiguration section */
		A1000000000000000000000F /* Debug */ = {
			isa = XCBuildConfiguration;
			buildSettings = {
				ALWAYS_SEARCH_USER_PATHS = NO;
				CLANG_ENABLE_MODULES = YES;
				DEBUG_INFORMATION_FORMAT = dwarf;
				ENABLE_TESTABILITY = YES;
				GCC_C_LANGUAGE_STANDARD = gnu17;
				IPHONEOS_DEPLOYMENT_TARGET = 26.0;
				MTL_ENABLE_DEBUG_INFO = INCLUDE_SOURCE;
				ONLY_ACTIVE_ARCH = YES;
				SDKROOT = iphoneos;
				SUPPORTED_PLATFORMS = "iphoneos iphonesimulator";
				SWIFT_ACTIVE_COMPILATION_CONDITIONS = DEBUG;
				SWIFT_OPTIMIZATION_LEVEL = "-Onone";
				SWIFT_VERSION = 5.0;
			};
			name = Debug;
		};
		A10000000000000000000010 /* Release */ = {
			isa = XCBuildConfiguration;
			buildSettings = {
				ALWAYS_SEARCH_USER_PATHS = NO;
				CLANG_ENABLE_MODULES = YES;
				DEBUG_INFORMATION_FORMAT = "dwarf-with-dsym";
				GCC_C_LANGUAGE_STANDARD = gnu17;
				IPHONEOS_DEPLOYMENT_TARGET = 26.0;
				MTL_ENABLE_DEBUG_INFO = NO;
				SDKROOT = iphoneos;
				SUPPORTED_PLATFORMS = "iphoneos iphonesimulator";
				SWIFT_COMPILATION_MODE = wholemodule;
				SWIFT_OPTIMIZATION_LEVEL = "-O";
				SWIFT_VERSION = 5.0;
			};
			name = Release;
		};
		A10000000000000000000011 /* Debug */ = {
			isa = XCBuildConfiguration;
			buildSettings = {
				ASSETCATALOG_COMPILER_APPICON_NAME = AppIcon;
				ASSETCATALOG_COMPILER_GLOBAL_ACCENT_COLOR_NAME = AccentColor;
				CODE_SIGN_IDENTITY = "Apple Development";
				CODE_SIGN_STYLE = Automatic;
				CURRENT_PROJECT_VERSION = 400001;
				DEVELOPMENT_TEAM = BXXFZS6XJ3;
				ENABLE_DEBUG_DYLIB = NO;
				GENERATE_INFOPLIST_FILE = NO;
				INFOPLIST_FILE = "../../../shared/Info-Field.plist";
				INFOPLIST_KEY_CFBundleDisplayName = "LinkGuard iPhone";
				INFOPLIST_KEY_NFCReaderUsageDescription = "LinkGuard 需要 NFC 來讀取與寫入傷患識別標籤，協助現場快速回報傷患資訊";
				INFOPLIST_KEY_NSBluetoothAlwaysUsageDescription = "LinkGuard 需要藍牙來連線搜救人員的 LoRa 裝置，實時監測生命徵象與傳輸指揮命令";
				INFOPLIST_KEY_NSCameraUsageDescription = "LinkGuard 需要相機來拍攝現場照片回報";
				INFOPLIST_KEY_NSLocalNetworkUsageDescription = "LinkGuard 需要區域網路來連線 Mac HQ 指揮中心、上傳照片回報、以及接收即時語音廣播";
				INFOPLIST_KEY_NSLocationAlwaysAndWhenInUseUsageDescription = "LinkGuard 在背景執行時持續回報您的位置給指揮中心，確保搜救任務的即時定位追蹤";
				INFOPLIST_KEY_NSLocationWhenInUseUsageDescription = "LinkGuard 需要定位服務來回報您的位置給指揮中心";
				INFOPLIST_KEY_NSMicrophoneUsageDescription = "LinkGuard 需要麥克風來進行語音輸入，以快速填寫傷員回報資訊";
				INFOPLIST_KEY_NSPhotoLibraryUsageDescription = "LinkGuard 需要存取相簿來選取現場照片進行回報";
				INFOPLIST_KEY_NSSpeechRecognitionUsageDescription = "LinkGuard 需要語音辨識權限以進行即時語音轉文字";
				INFOPLIST_KEY_UIApplicationSceneManifest_Generation = YES;
				INFOPLIST_KEY_UILaunchScreen_Generation = YES;
				MARKETING_VERSION = 0.4.0;
				PRODUCT_BUNDLE_IDENTIFIER = tw.linkguard.v04.iphone;
				PRODUCT_NAME = "$(TARGET_NAME)";
				SDKROOT = iphoneos;
				SUPPORTED_PLATFORMS = "iphoneos iphonesimulator";
				SWIFT_EMIT_LOC_STRINGS = YES;
				SWIFT_VERSION = 5.0;
				TARGETED_DEVICE_FAMILY = 1;
			};
			name = Debug;
		};
		A10000000000000000000012 /* Release */ = {
			isa = XCBuildConfiguration;
			buildSettings = {
				ASSETCATALOG_COMPILER_APPICON_NAME = AppIcon;
				ASSETCATALOG_COMPILER_GLOBAL_ACCENT_COLOR_NAME = AccentColor;
				CODE_SIGN_IDENTITY = "Apple Development";
				CODE_SIGN_STYLE = Automatic;
				CURRENT_PROJECT_VERSION = 400001;
				DEVELOPMENT_TEAM = BXXFZS6XJ3;
				GENERATE_INFOPLIST_FILE = NO;
				INFOPLIST_FILE = "../../../shared/Info-Field.plist";
				INFOPLIST_KEY_CFBundleDisplayName = "LinkGuard iPhone";
				INFOPLIST_KEY_NFCReaderUsageDescription = "LinkGuard 需要 NFC 來讀取與寫入傷患識別標籤，協助現場快速回報傷患資訊";
				INFOPLIST_KEY_NSBluetoothAlwaysUsageDescription = "LinkGuard 需要藍牙來連線搜救人員的 LoRa 裝置，實時監測生命徵象與傳輸指揮命令";
				INFOPLIST_KEY_NSCameraUsageDescription = "LinkGuard 需要相機來拍攝現場照片回報";
				INFOPLIST_KEY_NSLocalNetworkUsageDescription = "LinkGuard 需要區域網路來連線 Mac HQ 指揮中心、上傳照片回報、以及接收即時語音廣播";
				INFOPLIST_KEY_NSLocationAlwaysAndWhenInUseUsageDescription = "LinkGuard 在背景執行時持續回報您的位置給指揮中心，確保搜救任務的即時定位追蹤";
				INFOPLIST_KEY_NSLocationWhenInUseUsageDescription = "LinkGuard 需要定位服務來回報您的位置給指揮中心";
				INFOPLIST_KEY_NSMicrophoneUsageDescription = "LinkGuard 需要麥克風來進行語音輸入，以快速填寫傷員回報資訊";
				INFOPLIST_KEY_NSPhotoLibraryUsageDescription = "LinkGuard 需要存取相簿來選取現場照片進行回報";
				INFOPLIST_KEY_NSSpeechRecognitionUsageDescription = "LinkGuard 需要語音辨識權限以進行即時語音轉文字";
				INFOPLIST_KEY_UIApplicationSceneManifest_Generation = YES;
				INFOPLIST_KEY_UILaunchScreen_Generation = YES;
				MARKETING_VERSION = 0.4.0;
				PRODUCT_BUNDLE_IDENTIFIER = tw.linkguard.v04.iphone;
				PRODUCT_NAME = "$(TARGET_NAME)";
				SDKROOT = iphoneos;
				SUPPORTED_PLATFORMS = "iphoneos iphonesimulator";
				SWIFT_EMIT_LOC_STRINGS = YES;
				SWIFT_VERSION = 5.0;
				TARGETED_DEVICE_FAMILY = 1;
			};
			name = Release;
		};
/* End XCBuildConfiguration section */

/* Begin XCConfigurationList section */
		A10000000000000000000009 /* Build configuration list for PBXNativeTarget "LinkGuard-iPhone" */ = {
			isa = XCConfigurationList;
			buildConfigurations = (
				A10000000000000000000011 /* Debug */,
				A10000000000000000000012 /* Release */,
			);
			defaultConfigurationIsVisible = 0;
			defaultConfigurationName = Release;
		};
		A1000000000000000000000D /* Build configuration list for PBXProject "LinkGuard-iPhone" */ = {
			isa = XCConfigurationList;
			buildConfigurations = (
				A1000000000000000000000F /* Debug */,
				A10000000000000000000010 /* Release */,
			);
			defaultConfigurationIsVisible = 0;
			defaultConfigurationName = Release;
		};
/* End XCConfigurationList section */

/* Begin XCLocalSwiftPackageReference section */
		A1000000000000000000000E /* XCLocalSwiftPackageReference "../../../shared/LinkGuardV03Core" */ = {
			isa = XCLocalSwiftPackageReference;
			relativePath = ../../../shared/LinkGuardV03Core;
		};
/* End XCLocalSwiftPackageReference section */

/* Begin XCSwiftPackageProductDependency section */
		A10000000000000000000002 /* LinkGuardV03FieldUI */ = {
			isa = XCSwiftPackageProductDependency;
			package = A1000000000000000000000E /* XCLocalSwiftPackageReference "../../../shared/LinkGuardV03Core" */;
			productName = LinkGuardV03FieldUI;
		};
/* End XCSwiftPackageProductDependency section */
	};
	rootObject = A1000000000000000000000C /* Project object */;
}
