// !$*UTF8*$!
{
	archiveVersion = 1;
	classes = {
	};
	objectVersion = 77;
	objects = {

/* Begin PBXBuildFile section */
		F11000000000000000000001 /* LinkGuardV03Core in Frameworks */ = {isa = PBXBuildFile; productRef = F11000000000000000000002 /* LinkGuardV03Core */; };
/* End PBXBuildFile section */

/* Begin PBXFileReference section */
		F11000000000000000000003 /* Lifeline.app */ = {isa = PBXFileReference; explicitFileType = wrapper.application; includeInIndex = 0; path = Lifeline.app; sourceTree = BUILT_PRODUCTS_DIR; };
/* End PBXFileReference section */

/* Begin PBXFileSystemSynchronizedRootGroup section */
		F11000000000000000000004 /* Lifeline */ = {
			isa = PBXFileSystemSynchronizedRootGroup;
			path = Lifeline;
			sourceTree = "<group>";
		};
/* End PBXFileSystemSynchronizedRootGroup section */

/* Begin PBXFrameworksBuildPhase section */
		F11000000000000000000005 /* Frameworks */ = {
			isa = PBXFrameworksBuildPhase;
			buildActionMask = 2147483647;
			files = (
				F11000000000000000000001 /* LinkGuardV03Core in Frameworks */,
			);
			runOnlyForDeploymentPostprocessing = 0;
		};
/* End PBXFrameworksBuildPhase section */

/* Begin PBXGroup section */
		F11000000000000000000006 = {
			isa = PBXGroup;
			children = (
				F11000000000000000000004 /* Lifeline */,
				F11000000000000000000007 /* Products */,
			);
			sourceTree = "<group>";
		};
		F11000000000000000000007 /* Products */ = {
			isa = PBXGroup;
			children = (
				F11000000000000000000003 /* Lifeline.app */,
			);
			name = Products;
			sourceTree = "<group>";
		};
/* End PBXGroup section */

/* Begin PBXNativeTarget section */
		F11000000000000000000008 /* Lifeline */ = {
			isa = PBXNativeTarget;
			buildConfigurationList = F11000000000000000000009 /* Build configuration list for PBXNativeTarget "Lifeline" */;
			buildPhases = (
				F1100000000000000000000A /* Sources */,
				F11000000000000000000005 /* Frameworks */,
				F1100000000000000000000B /* Resources */,
			);
			buildRules = (
			);
			dependencies = (
			);
			fileSystemSynchronizedGroups = (
				F11000000000000000000004 /* Lifeline */,
			);
			name = Lifeline;
			packageProductDependencies = (
				F11000000000000000000002 /* LinkGuardV03Core */,
			);
			productName = Lifeline;
			productReference = F11000000000000000000003 /* Lifeline.app */;
			productType = "com.apple.product-type.application";
		};
/* End PBXNativeTarget section */

/* Begin PBXProject section */
		F1100000000000000000000C /* Project object */ = {
			isa = PBXProject;
			attributes = {
				BuildIndependentTargetsInParallel = 1;
				LastSwiftUpdateCheck = 1640;
				LastUpgradeCheck = 1640;
				TargetAttributes = {
					F11000000000000000000008 = {
						CreatedOnToolsVersion = 16.4;
						DevelopmentTeam = BXXFZS6XJ3;
						ProvisioningStyle = Automatic;
					};
				};
			};
			buildConfigurationList = F1100000000000000000000D /* Build configuration list for PBXProject "Lifeline" */;
			developmentRegion = en;
			hasScannedForEncodings = 0;
			knownRegions = (
				en,
				"zh-Hant",
				Base,
			);
			mainGroup = F11000000000000000000006;
			minimizedProjectReferenceProxies = 1;
			packageReferences = (
				F1100000000000000000000E /* XCLocalSwiftPackageReference "../../../shared/LinkGuardV03Core" */,
			);
			preferredProjectObjectVersion = 77;
			productRefGroup = F11000000000000000000007 /* Products */;
			projectDirPath = "";
			projectRoot = "";
			targets = (
				F11000000000000000000008 /* Lifeline */,
			);
		};
/* End PBXProject section */

/* Begin PBXResourcesBuildPhase section */
		F1100000000000000000000B /* Resources */ = {
			isa = PBXResourcesBuildPhase;
			buildActionMask = 2147483647;
			files = (
			);
			runOnlyForDeploymentPostprocessing = 0;
		};
/* End PBXResourcesBuildPhase section */

/* Begin PBXSourcesBuildPhase section */
		F1100000000000000000000A /* Sources */ = {
			isa = PBXSourcesBuildPhase;
			buildActionMask = 2147483647;
			files = (
			);
			runOnlyForDeploymentPostprocessing = 0;
		};
/* End PBXSourcesBuildPhase section */

/* Begin XCBuildConfiguration section */
		F1100000000000000000000F /* Debug */ = {
			isa = XCBuildConfiguration;
			buildSettings = {
				ALWAYS_SEARCH_USER_PATHS = NO;
				CLANG_ENABLE_MODULES = YES;
				DEBUG_INFORMATION_FORMAT = dwarf;
				ENABLE_TESTABILITY = YES;
				GCC_C_LANGUAGE_STANDARD = gnu17;
				IPHONEOS_DEPLOYMENT_TARGET = 16.0;
				MTL_ENABLE_DEBUG_INFO = INCLUDE_SOURCE;
				ONLY_ACTIVE_ARCH = YES;
				SDKROOT = iphoneos;
				SUPPORTED_PLATFORMS = "iphoneos iphonesimulator";
				SWIFT_ACTIVE_COMPILATION_CONDITIONS = DEBUG;
				SWIFT_OPTIMIZATION_LEVEL = "-Onone";
				SWIFT_VERSION = 5.0;
			};
			name = Debug;
		};
		F11000000000000000000010 /* Release */ = {
			isa = XCBuildConfiguration;
			buildSettings = {
				ALWAYS_SEARCH_USER_PATHS = NO;
				CLANG_ENABLE_MODULES = YES;
				DEBUG_INFORMATION_FORMAT = "dwarf-with-dsym";
				GCC_C_LANGUAGE_STANDARD = gnu17;
				IPHONEOS_DEPLOYMENT_TARGET = 16.0;
				MTL_ENABLE_DEBUG_INFO = NO;
				SDKROOT = iphoneos;
				SUPPORTED_PLATFORMS = "iphoneos iphonesimulator";
				SWIFT_COMPILATION_MODE = wholemodule;
				SWIFT_OPTIMIZATION_LEVEL = "-O";
				SWIFT_VERSION = 5.0;
			};
			name = Release;
		};
		F11000000000000000000011 /* Debug */ = {
			isa = XCBuildConfiguration;
			buildSettings = {
				CODE_SIGN_IDENTITY = "Apple Development";
				CODE_SIGN_STYLE = Automatic;
				CURRENT_PROJECT_VERSION = 301024;
				DEVELOPMENT_TEAM = BXXFZS6XJ3;
				ENABLE_DEBUG_DYLIB = NO;
				GENERATE_INFOPLIST_FILE = YES;
				INFOPLIST_KEY_CFBundleDisplayName = Lifeline;
				INFOPLIST_KEY_NSCameraUsageDescription = "Lifeline uses the camera for photo reports to Lifeline-HQ.";
				INFOPLIST_KEY_NSLocalNetworkUsageDescription = "Lifeline uses the local network to sync reports with Lifeline-HQ.";
				INFOPLIST_KEY_NSLocationWhenInUseUsageDescription = "Lifeline uses location for GPS-tagged reports and SOS.";
				INFOPLIST_KEY_NSMicrophoneUsageDescription = "Lifeline uses the microphone for voice reports.";
				INFOPLIST_KEY_NSPhotoLibraryUsageDescription = "Lifeline can attach photos from the library to reports.";
				INFOPLIST_KEY_UIApplicationSceneManifest_Generation = YES;
				INFOPLIST_KEY_UILaunchScreen_Generation = YES;
				INFOPLIST_KEY_UISupportedInterfaceOrientations_iPhone = "UIInterfaceOrientationPortrait UIInterfaceOrientationLandscapeLeft UIInterfaceOrientationLandscapeRight";
				MARKETING_VERSION = 0.3.1;
				PRODUCT_BUNDLE_IDENTIFIER = tw.lifeline.v03.mobile;
				PRODUCT_NAME = "$(TARGET_NAME)";
				SDKROOT = iphoneos;
				SUPPORTED_PLATFORMS = "iphoneos iphonesimulator";
				SWIFT_EMIT_LOC_STRINGS = YES;
				SWIFT_VERSION = 5.0;
				TARGETED_DEVICE_FAMILY = 1;
			};
			name = Debug;
		};
		F11000000000000000000012 /* Release */ = {
			isa = XCBuildConfiguration;
			buildSettings = {
				CODE_SIGN_IDENTITY = "Apple Development";
				CODE_SIGN_STYLE = Automatic;
				CURRENT_PROJECT_VERSION = 301024;
				DEVELOPMENT_TEAM = BXXFZS6XJ3;
				GENERATE_INFOPLIST_FILE = YES;
				INFOPLIST_KEY_CFBundleDisplayName = Lifeline;
				INFOPLIST_KEY_NSCameraUsageDescription = "Lifeline uses the camera for photo reports to Lifeline-HQ.";
				INFOPLIST_KEY_NSLocalNetworkUsageDescription = "Lifeline uses the local network to sync reports with Lifeline-HQ.";
				INFOPLIST_KEY_NSLocationWhenInUseUsageDescription = "Lifeline uses location for GPS-tagged reports and SOS.";
				INFOPLIST_KEY_NSMicrophoneUsageDescription = "Lifeline uses the microphone for voice reports.";
				INFOPLIST_KEY_NSPhotoLibraryUsageDescription = "Lifeline can attach photos from the library to reports.";
				INFOPLIST_KEY_UIApplicationSceneManifest_Generation = YES;
				INFOPLIST_KEY_UILaunchScreen_Generation = YES;
				INFOPLIST_KEY_UISupportedInterfaceOrientations_iPhone = "UIInterfaceOrientationPortrait UIInterfaceOrientationLandscapeLeft UIInterfaceOrientationLandscapeRight";
				MARKETING_VERSION = 0.3.1;
				PRODUCT_BUNDLE_IDENTIFIER = tw.lifeline.v03.mobile;
				PRODUCT_NAME = "$(TARGET_NAME)";
				SDKROOT = iphoneos;
				SUPPORTED_PLATFORMS = "iphoneos iphonesimulator";
				SWIFT_EMIT_LOC_STRINGS = YES;
				SWIFT_VERSION = 5.0;
				TARGETED_DEVICE_FAMILY = 1;
			};
			name = Release;
		};
/* End XCBuildConfiguration section */

/* Begin XCConfigurationList section */
		F11000000000000000000009 /* Build configuration list for PBXNativeTarget "Lifeline" */ = {
			isa = XCConfigurationList;
			buildConfigurations = (
				F11000000000000000000011 /* Debug */,
				F11000000000000000000012 /* Release */,
			);
			defaultConfigurationIsVisible = 0;
			defaultConfigurationName = Release;
		};
		F1100000000000000000000D /* Build configuration list for PBXProject "Lifeline" */ = {
			isa = XCConfigurationList;
			buildConfigurations = (
				F1100000000000000000000F /* Debug */,
				F11000000000000000000010 /* Release */,
			);
			defaultConfigurationIsVisible = 0;
			defaultConfigurationName = Release;
		};
/* End XCConfigurationList section */

/* Begin XCLocalSwiftPackageReference section */
		F1100000000000000000000E /* XCLocalSwiftPackageReference "../../../shared/LinkGuardV03Core" */ = {
			isa = XCLocalSwiftPackageReference;
			relativePath = ../../../shared/LinkGuardV03Core;
		};
/* End XCLocalSwiftPackageReference section */

/* Begin XCSwiftPackageProductDependency section */
		F11000000000000000000002 /* LinkGuardV03Core */ = {
			isa = XCSwiftPackageProductDependency;
			package = F1100000000000000000000E /* XCLocalSwiftPackageReference "../../../shared/LinkGuardV03Core" */;
			productName = LinkGuardV03Core;
		};
/* End XCSwiftPackageProductDependency section */
	};
	rootObject = F1100000000000000000000C /* Project object */;
}
